
Microsoft Visual Studio Solution File, Format Version 12.00
# Visual Studio Version 16
VisualStudioVersion = 16.0.29519.181
MinimumVisualStudioVersion = 10.0.40219.1
Project("{FAE04EC0-301F-11D3-BF4B-00C04F79EFBC}") = "IndexerExtension", "IndexerExtension\IndexerExtension.csproj", "{04264019-EE6A-4E83-9215-EE9AC8164FF4}"
EndProject
Global
	GlobalSection(SolutionConfigurationPlatforms) = preSolution
		Debug|Any CPU = Debug|Any CPU
		Release|Any CPU = Release|Any CPU
	EndGlobalSection
	GlobalSection(ProjectConfigurationPlatforms) = postSolution
		{04264019-EE6A-4E83-9215-EE9AC8164FF4}.Debug|Any CPU.ActiveCfg = Debug|Any CPU
		{04264019-EE6A-4E83-9215-EE9AC8164FF4}.Debug|Any CPU.Build.0 = Debug|Any CPU
		{04264019-EE6A-4E83-9215-EE9AC8164FF4}.Release|Any CPU.ActiveCfg = Release|Any CPU
		{04264019-EE6A-4E83-9215-EE9AC8164FF4}.Release|Any CPU.Build.0 = Release|Any CPU
	EndGlobalSection
	GlobalSection(SolutionProperties) = preSolution
		HideSolutionNode = FALSE
	EndGlobalSection
	GlobalSection(ExtensibilityGlobals) = postSolution
		SolutionGuid = {C58E5611-DF2C-411D-9969-E720A1E1DD76}
	EndGlobalSection
EndGlobal
